{
    "version": 3,
    "terraform_version": "0.11.7",
    "serial": 3,
    "lineage": "5cbf839f-3563-7e81-2d56-4bbd0c6fc757",
    "modules": [
        {
            "path": [
                "root"
            ],
            "outputs": {},
            "resources": {
                "aws_route53_record.book-ns": {
                    "type": "aws_route53_record",
                    "depends_on": [
                        "aws_route53_zone.book",
                        "aws_route53_zone.main"
                    ],
                    "primary": {
                        "id": "Z3DG3XJHG5IXC9_book.cloudpatterns.uk_NS",
                        "attributes": {
                            "allow_overwrite": "true",
                            "fqdn": "book.cloudpatterns.uk",
                            "id": "Z3DG3XJHG5IXC9_book.cloudpatterns.uk_NS",
                            "name": "book.cloudpatterns.uk",
                            "records.#": "4",
                            "records.1168635914": "ns-694.awsdns-22.net",
                            "records.1786074742": "ns-2021.awsdns-60.co.uk",
                            "records.4274138686": "ns-1437.awsdns-51.org",
                            "records.984160831": "ns-443.awsdns-55.com",
                            "ttl": "30",
                            "type": "NS",
                            "zone_id": "Z3DG3XJHG5IXC9"
                        },
                        "meta": {
                            "schema_version": "2"
                        },
                        "tainted": false
                    },
                    "deposed": [],
                    "provider": "provider.aws"
                },
                "aws_route53_zone.book": {
                    "type": "aws_route53_zone",
                    "depends_on": [],
                    "primary": {
                        "id": "Z359Y1KATLRBSM",
                        "attributes": {
                            "comment": "Managed by Terraform",
                            "force_destroy": "false",
                            "id": "Z359Y1KATLRBSM",
                            "name": "book.cloudpatterns.uk",
                            "name_servers.#": "4",
                            "name_servers.0": "ns-1437.awsdns-51.org",
                            "name_servers.1": "ns-2021.awsdns-60.co.uk",
                            "name_servers.2": "ns-443.awsdns-55.com",
                            "name_servers.3": "ns-694.awsdns-22.net",
                            "tags.%": "1",
                            "tags.Environment": "book",
                            "zone_id": "Z359Y1KATLRBSM"
                        },
                        "meta": {},
                        "tainted": false
                    },
                    "deposed": [],
                    "provider": "provider.aws"
                },
                "aws_route53_zone.main": {
                    "type": "aws_route53_zone",
                    "depends_on": [],
                    "primary": {
                        "id": "Z3DG3XJHG5IXC9",
                        "attributes": {
                            "comment": "Managed by Terraform",
                            "force_destroy": "false",
                            "id": "Z3DG3XJHG5IXC9",
                            "name": "cloudpatterns.uk",
                            "name_servers.#": "4",
                            "name_servers.0": "ns-1005.awsdns-61.net",
                            "name_servers.1": "ns-1138.awsdns-14.org",
                            "name_servers.2": "ns-1617.awsdns-10.co.uk",
                            "name_servers.3": "ns-29.awsdns-03.com",
                            "tags.%": "0",
                            "zone_id": "Z3DG3XJHG5IXC9"
                        },
                        "meta": {},
                        "tainted": false
                    },
                    "deposed": [],
                    "provider": "provider.aws"
                }
            },
            "depends_on": []
        }
    ]
}
